
Microsoft Visual Studio Solution File, Format Version 12.00
# Visual Studio Version 17
VisualStudioVersion = 17.4.33122.133
MinimumVisualStudioVersion = 10.0.40219.1
Project("{FAE04EC0-301F-11D3-BF4B-00C04F79EFBC}") = "G1N-Font-Editor", "G1N-Font-Editor\G1N-Font-Editor.csproj", "{13F43E95-48DE-47EB-836D-155454E6BF20}"
EndProject
Global
	GlobalSection(SolutionConfigurationPlatforms) = preSolution
		Debug|Any CPU = Debug|Any CPU
		Release|Any CPU = Release|Any CPU
	EndGlobalSection
	GlobalSection(ProjectConfigurationPlatforms) = postSolution
		{13F43E95-48DE-47EB-836D-155454E6BF20}.Debug|Any CPU.ActiveCfg = Debug|Any CPU
		{13F43E95-48DE-47EB-836D-155454E6BF20}.Debug|Any CPU.Build.0 = Debug|Any CPU
		{13F43E95-48DE-47EB-836D-155454E6BF20}.Release|Any CPU.ActiveCfg = Release|Any CPU
		{13F43E95-48DE-47EB-836D-155454E6BF20}.Release|Any CPU.Build.0 = Release|Any CPU
	EndGlobalSection
	GlobalSection(SolutionProperties) = preSolution
		HideSolutionNode = FALSE
	EndGlobalSection
	GlobalSection(ExtensibilityGlobals) = postSolution
		SolutionGuid = {C53DAA8F-3D82-4A29-9E37-7B6852F42D02}
	EndGlobalSection
EndGlobal
